{
  "name": "bookmarks",
  "version": "0.0.1",
  "lockfileVersion": 2,
  "requires": true,
  "packages": {
    "": {
      "name": "bookmarks",
      "version": "0.0.1",
      "license": "MIT",
      "dependencies": {
        "bootstrap": "3.4.1",
        "bootstrap-datepicker": "1.7.1",
        "bootstrap-tokenfield": "0.12.0",
        "bootswatch": "^3.4.0",
        "font-awesome": "4.7.0",
        "jquery": "3.5.1",
        "typeahead.js": "0.11.1"
      }
    },
    "node_modules/bootstrap": {
      "version": "3.4.1",
      "resolved": "https://registry.npmjs.org/bootstrap/-/bootstrap-3.4.1.tgz",
      "integrity": "sha512-yN5oZVmRCwe5aKwzRj6736nSmKDX7pLYwsXiCj/EYmo16hODaBiT4En5btW/jhBF/seV+XMx3aYwukYC3A49DA==",
      "engines": {
        "node": ">=6"
      }
    },
    "node_modules/bootstrap-datepicker": {
      "version": "1.7.1",
      "resolved": "https://registry.npmjs.org/bootstrap-datepicker/-/bootstrap-datepicker-1.7.1.tgz",
      "integrity": "sha1-Tuf680iI2+x4NPv52+fEJ34B3a8=",
      "dependencies": {
        "jquery": ">=1.7.1 <4.0.0"
      }
    },
    "node_modules/bootstrap-tokenfield": {
      "version": "0.12.0",
      "resolved": "https://registry.npmjs.org/bootstrap-tokenfield/-/bootstrap-tokenfield-0.12.0.tgz",
      "integrity": "sha1-XXY8PRlt5xB4rE1J3C6hacuHDN8=",
      "dependencies": {
        "jquery": "^2.1.0"
      }
    },
    "node_modules/bootstrap-tokenfield/node_modules/jquery": {
      "version": "2.2.4",
      "resolved": "https://registry.npmjs.org/jquery/-/jquery-2.2.4.tgz",
      "integrity": "sha1-LInWiJterFIqfuoywUUhVZxsvwI="
    },
    "node_modules/bootswatch": {
      "version": "3.4.1",
      "resolved": "https://registry.npmjs.org/bootswatch/-/bootswatch-3.4.1.tgz",
      "integrity": "sha512-0hL4A8OUiqABgPipGrojf/hyhr5RS257xCNARlbK34HaMfhV5fXvwEooN4/ri9+jgX47J4Wg24ZPmfZ2xD2cKw==",
      "engines": {
        "node": ">= 0.10.0"
      }
    },
    "node_modules/font-awesome": {
      "version": "4.7.0",
      "resolved": "https://registry.npmjs.org/font-awesome/-/font-awesome-4.7.0.tgz",
      "integrity": "sha1-j6jPBBGhoxr9B7BtKQK7n8gVoTM=",
      "engines": {
        "node": ">=0.10.3"
      }
    },
    "node_modules/jquery": {
      "version": "3.5.1",
      "resolved": "https://registry.npmjs.org/jquery/-/jquery-3.5.1.tgz",
      "integrity": "sha512-XwIBPqcMn57FxfT+Go5pzySnm4KWkT1Tv7gjrpT1srtf8Weynl6R273VJ5GjkRb51IzMp5nbaPjJXMWeju2MKg=="
    },
    "node_modules/typeahead.js": {
      "version": "0.11.1",
      "resolved": "https://registry.npmjs.org/typeahead.js/-/typeahead.js-0.11.1.tgz",
      "integrity": "sha1-TmTmcbIjEKhgb0rsgFkkuoSwFbg=",
      "dependencies": {
        "jquery": ">=1.7"
      }
    }
  },
  "dependencies": {
    "bootstrap": {
      "version": "3.4.1",
      "resolved": "https://registry.npmjs.org/bootstrap/-/bootstrap-3.4.1.tgz",
      "integrity": "sha512-yN5oZVmRCwe5aKwzRj6736nSmKDX7pLYwsXiCj/EYmo16hODaBiT4En5btW/jhBF/seV+XMx3aYwukYC3A49DA=="
    },
    "bootstrap-datepicker": {
      "version": "1.7.1",
      "resolved": "https://registry.npmjs.org/bootstrap-datepicker/-/bootstrap-datepicker-1.7.1.tgz",
      "integrity": "sha1-Tuf680iI2+x4NPv52+fEJ34B3a8=",
      "requires": {
        "jquery": ">=1.7.1 <4.0.0"
      }
    },
    "bootstrap-tokenfield": {
      "version": "0.12.0",
      "resolved": "https://registry.npmjs.org/bootstrap-tokenfield/-/bootstrap-tokenfield-0.12.0.tgz",
      "integrity": "sha1-XXY8PRlt5xB4rE1J3C6hacuHDN8=",
      "requires": {
        "jquery": "^2.1.0"
      },
      "dependencies": {
        "jquery": {
          "version": "2.2.4",
          "resolved": "https://registry.npmjs.org/jquery/-/jquery-2.2.4.tgz",
          "integrity": "sha1-LInWiJterFIqfuoywUUhVZxsvwI="
        }
      }
    },
    "bootswatch": {
      "version": "3.4.1",
      "resolved": "https://registry.npmjs.org/bootswatch/-/bootswatch-3.4.1.tgz",
      "integrity": "sha512-0hL4A8OUiqABgPipGrojf/hyhr5RS257xCNARlbK34HaMfhV5fXvwEooN4/ri9+jgX47J4Wg24ZPmfZ2xD2cKw=="
    },
    "font-awesome": {
      "version": "4.7.0",
      "resolved": "https://registry.npmjs.org/font-awesome/-/font-awesome-4.7.0.tgz",
      "integrity": "sha1-j6jPBBGhoxr9B7BtKQK7n8gVoTM="
    },
    "jquery": {
      "version": "3.5.1",
      "resolved": "https://registry.npmjs.org/jquery/-/jquery-3.5.1.tgz",
      "integrity": "sha512-XwIBPqcMn57FxfT+Go5pzySnm4KWkT1Tv7gjrpT1srtf8Weynl6R273VJ5GjkRb51IzMp5nbaPjJXMWeju2MKg=="
    },
    "typeahead.js": {
      "version": "0.11.1",
      "resolved": "https://registry.npmjs.org/typeahead.js/-/typeahead.js-0.11.1.tgz",
      "integrity": "sha1-TmTmcbIjEKhgb0rsgFkkuoSwFbg=",
      "requires": {
        "jquery": ">=1.7"
      }
    }
  }
}
